// !$*UTF8*$!
{
	archiveVersion = 1;
	classes = {
	};
	objectVersion = 46;
	objects = {

/* Begin PBXBuildFile section */
		2133E9F91CF1304900E47268 /* demo.png in Resources */ = {isa = PBXBuildFile; fileRef = 2133E9F81CF1304900E47268 /* demo.png */; };
		2133E9FB1CF1305900E47268 /* demo.gif in Resources */ = {isa = PBXBuildFile; fileRef = 2133E9FA1CF1305900E47268 /* demo.gif */; };
		219777161CD04C2B0084599E /* broadcast.json in Resources */ = {isa = PBXBuildFile; fileRef = 219777151CD04C2B0084599E /* broadcast.json */; };
		219845561CB4BDF2009D3239 /* Icon-64.png in Resources */ = {isa = PBXBuildFile; fileRef = 219845551CB4BDF2009D3239 /* Icon-64.png */; };
		21B32A991CB0417300A4AB76 /* AppDelegate.swift in Sources */ = {isa = PBXBuildFile; fileRef = 21B32A981CB0417300A4AB76 /* AppDelegate.swift */; };
		21B32A9B1CB0417300A4AB76 /* Assets.xcassets in Resources */ = {isa = PBXBuildFile; fileRef = 21B32A9A1CB0417300A4AB76 /* Assets.xcassets */; };
		21B32A9E1CB0417300A4AB76 /* MainMenu.xib in Resources */ = {isa = PBXBuildFile; fileRef = 21B32A9C1CB0417300A4AB76 /* MainMenu.xib */; };
		21B32AA61CB1C87100A4AB76 /* config.json in Resources */ = {isa = PBXBuildFile; fileRef = 21B32AA51CB1C87100A4AB76 /* config.json */; };
		21B32AA81CB1CD3F00A4AB76 /* SwiftyJSON.swift in Sources */ = {isa = PBXBuildFile; fileRef = 21B32AA71CB1CD3F00A4AB76 /* SwiftyJSON.swift */; };
		21C59D8E1CB5839B006C698A /* username.png in Resources */ = {isa = PBXBuildFile; fileRef = 21C59D8C1CB5839B006C698A /* username.png */; };
		21EEE2891CB47758001B47DB /* turn.png in Resources */ = {isa = PBXBuildFile; fileRef = 21EEE2881CB47758001B47DB /* turn.png */; };
		21EEE28B1CB4776D001B47DB /* start.png in Resources */ = {isa = PBXBuildFile; fileRef = 21EEE28A1CB4776D001B47DB /* start.png */; };
		21EEE28D1CB477A5001B47DB /* warning.png in Resources */ = {isa = PBXBuildFile; fileRef = 21EEE28C1CB477A5001B47DB /* warning.png */; };
		21EEE28F1CB477E6001B47DB /* concede.png in Resources */ = {isa = PBXBuildFile; fileRef = 21EEE28E1CB477E6001B47DB /* concede.png */; };
/* End PBXBuildFile section */

/* Begin PBXFileReference section */
		2133E9F81CF1304900E47268 /* demo.png */ = {isa = PBXFileReference; lastKnownFileType = image.png; path = demo.png; sourceTree = "<group>"; };
		2133E9FA1CF1305900E47268 /* demo.gif */ = {isa = PBXFileReference; lastKnownFileType = image.gif; path = demo.gif; sourceTree = "<group>"; };
		219777151CD04C2B0084599E /* broadcast.json */ = {isa = PBXFileReference; fileEncoding = 4; lastKnownFileType = text.json; path = broadcast.json; sourceTree = "<group>"; };
		219845551CB4BDF2009D3239 /* Icon-64.png */ = {isa = PBXFileReference; lastKnownFileType = image.png; path = "Icon-64.png"; sourceTree = "<group>"; };
		21B32A951CB0417300A4AB76 /* CasualStone.app */ = {isa = PBXFileReference; explicitFileType = wrapper.application; includeInIndex = 0; path = CasualStone.app; sourceTree = BUILT_PRODUCTS_DIR; };
		21B32A981CB0417300A4AB76 /* AppDelegate.swift */ = {isa = PBXFileReference; lastKnownFileType = sourcecode.swift; path = AppDelegate.swift; sourceTree = "<group>"; };
		21B32A9A1CB0417300A4AB76 /* Assets.xcassets */ = {isa = PBXFileReference; lastKnownFileType = folder.assetcatalog; path = Assets.xcassets; sourceTree = "<group>"; };
		21B32A9D1CB0417300A4AB76 /* Base */ = {isa = PBXFileReference; lastKnownFileType = file.xib; name = Base; path = Base.lproj/MainMenu.xib; sourceTree = "<group>"; };
		21B32A9F1CB0417300A4AB76 /* Info.plist */ = {isa = PBXFileReference; lastKnownFileType = text.plist.xml; path = Info.plist; sourceTree = "<group>"; };
		21B32AA51CB1C87100A4AB76 /* config.json */ = {isa = PBXFileReference; fileEncoding = 4; lastKnownFileType = text.json; path = config.json; sourceTree = "<group>"; };
		21B32AA71CB1CD3F00A4AB76 /* SwiftyJSON.swift */ = {isa = PBXFileReference; fileEncoding = 4; lastKnownFileType = sourcecode.swift; path = SwiftyJSON.swift; sourceTree = "<group>"; };
		21C59D8C1CB5839B006C698A /* username.png */ = {isa = PBXFileReference; lastKnownFileType = image.png; path = username.png; sourceTree = "<group>"; };
		21EEE2881CB47758001B47DB /* turn.png */ = {isa = PBXFileReference; lastKnownFileType = image.png; path = turn.png; sourceTree = "<group>"; };
		21EEE28A1CB4776D001B47DB /* start.png */ = {isa = PBXFileReference; lastKnownFileType = image.png; path = start.png; sourceTree = "<group>"; };
		21EEE28C1CB477A5001B47DB /* warning.png */ = {isa = PBXFileReference; lastKnownFileType = image.png; path = warning.png; sourceTree = "<group>"; };
		21EEE28E1CB477E6001B47DB /* concede.png */ = {isa = PBXFileReference; lastKnownFileType = image.png; path = concede.png; sourceTree = "<group>"; };
/* End PBXFileReference section */

/* Begin PBXFrameworksBuildPhase section */
		21B32A921CB0417300A4AB76 /* Frameworks */ = {
			isa = PBXFrameworksBuildPhase;
			buildActionMask = 2147483647;
			files = (
			);
			runOnlyForDeploymentPostprocessing = 0;
		};
/* End PBXFrameworksBuildPhase section */

/* Begin PBXGroup section */
		21B32A8C1CB0417300A4AB76 = {
			isa = PBXGroup;
			children = (
				21B32A971CB0417300A4AB76 /* CasualStone */,
				21B32A961CB0417300A4AB76 /* Products */,
			);
			sourceTree = "<group>";
		};
		21B32A961CB0417300A4AB76 /* Products */ = {
			isa = PBXGroup;
			children = (
				21B32A951CB0417300A4AB76 /* CasualStone.app */,
			);
			name = Products;
			sourceTree = "<group>";
		};
		21B32A971CB0417300A4AB76 /* CasualStone */ = {
			isa = PBXGroup;
			children = (
				21EEE27D1CB42B1A001B47DB /* images */,
				21B32A981CB0417300A4AB76 /* AppDelegate.swift */,
				21B32A9A1CB0417300A4AB76 /* Assets.xcassets */,
				21B32A9C1CB0417300A4AB76 /* MainMenu.xib */,
				21B32A9F1CB0417300A4AB76 /* Info.plist */,
				21B32AA51CB1C87100A4AB76 /* config.json */,
				21B32AA71CB1CD3F00A4AB76 /* SwiftyJSON.swift */,
				219777151CD04C2B0084599E /* broadcast.json */,
			);
			path = CasualStone;
			sourceTree = "<group>";
		};
		21EEE27D1CB42B1A001B47DB /* images */ = {
			isa = PBXGroup;
			children = (
				21C59D8C1CB5839B006C698A /* username.png */,
				2133E9F81CF1304900E47268 /* demo.png */,
				2133E9FA1CF1305900E47268 /* demo.gif */,
				21EEE2881CB47758001B47DB /* turn.png */,
				21EEE28E1CB477E6001B47DB /* concede.png */,
				21EEE28C1CB477A5001B47DB /* warning.png */,
				219845551CB4BDF2009D3239 /* Icon-64.png */,
				21EEE28A1CB4776D001B47DB /* start.png */,
			);
			name = images;
			sourceTree = "<group>";
		};
/* End PBXGroup section */

/* Begin PBXNativeTarget section */
		21B32A941CB0417300A4AB76 /* CasualStone */ = {
			isa = PBXNativeTarget;
			buildConfigurationList = 21B32AA21CB0417300A4AB76 /* Build configuration list for PBXNativeTarget "CasualStone" */;
			buildPhases = (
				21B32A911CB0417300A4AB76 /* Sources */,
				21B32A921CB0417300A4AB76 /* Frameworks */,
				21B32A931CB0417300A4AB76 /* Resources */,
			);
			buildRules = (
			);
			dependencies = (
			);
			name = CasualStone;
			productName = "Hearthstone Notifications";
			productReference = 21B32A951CB0417300A4AB76 /* CasualStone.app */;
			productType = "com.apple.product-type.application";
		};
/* End PBXNativeTarget section */

/* Begin PBXProject section */
		21B32A8D1CB0417300A4AB76 /* Project object */ = {
			isa = PBXProject;
			attributes = {
				LastSwiftUpdateCheck = 0730;
				LastUpgradeCheck = 0800;
				ORGANIZATIONNAME = "Sean Konagaya";
				TargetAttributes = {
					21B32A941CB0417300A4AB76 = {
						CreatedOnToolsVersion = 7.3;
						DevelopmentTeam = Z68VMB9UCC;
						LastSwiftMigration = 0800;
						ProvisioningStyle = Manual;
					};
				};
			};
			buildConfigurationList = 21B32A901CB0417300A4AB76 /* Build configuration list for PBXProject "CasualStone" */;
			compatibilityVersion = "Xcode 3.2";
			developmentRegion = English;
			hasScannedForEncodings = 0;
			knownRegions = (
				en,
				Base,
			);
			mainGroup = 21B32A8C1CB0417300A4AB76;
			productRefGroup = 21B32A961CB0417300A4AB76 /* Products */;
			projectDirPath = "";
			projectRoot = "";
			targets = (
				21B32A941CB0417300A4AB76 /* CasualStone */,
			);
		};
/* End PBXProject section */

/* Begin PBXResourcesBuildPhase section */
		21B32A931CB0417300A4AB76 /* Resources */ = {
			isa = PBXResourcesBuildPhase;
			buildActionMask = 2147483647;
			files = (
				21EEE28D1CB477A5001B47DB /* warning.png in Resources */,
				2133E9FB1CF1305900E47268 /* demo.gif in Resources */,
				21B32A9B1CB0417300A4AB76 /* Assets.xcassets in Resources */,
				21C59D8E1CB5839B006C698A /* username.png in Resources */,
				21B32A9E1CB0417300A4AB76 /* MainMenu.xib in Resources */,
				21EEE2891CB47758001B47DB /* turn.png in Resources */,
				21B32AA61CB1C87100A4AB76 /* config.json in Resources */,
				219777161CD04C2B0084599E /* broadcast.json in Resources */,
				21EEE28F1CB477E6001B47DB /* concede.png in Resources */,
				219845561CB4BDF2009D3239 /* Icon-64.png in Resources */,
				2133E9F91CF1304900E47268 /* demo.png in Resources */,
				21EEE28B1CB4776D001B47DB /* start.png in Resources */,
			);
			runOnlyForDeploymentPostprocessing = 0;
		};
/* End PBXResourcesBuildPhase section */

/* Begin PBXSourcesBuildPhase section */
		21B32A911CB0417300A4AB76 /* Sources */ = {
			isa = PBXSourcesBuildPhase;
			buildActionMask = 2147483647;
			files = (
				21B32A991CB0417300A4AB76 /* AppDelegate.swift in Sources */,
				21B32AA81CB1CD3F00A4AB76 /* SwiftyJSON.swift in Sources */,
			);
			runOnlyForDeploymentPostprocessing = 0;
		};
/* End PBXSourcesBuildPhase section */

/* Begin PBXVariantGroup section */
		21B32A9C1CB0417300A4AB76 /* MainMenu.xib */ = {
			isa = PBXVariantGroup;
			children = (
				21B32A9D1CB0417300A4AB76 /* Base */,
			);
			name = MainMenu.xib;
			sourceTree = "<group>";
		};
/* End PBXVariantGroup section */

/* Begin XCBuildConfiguration section */
		21B32AA01CB0417300A4AB76 /* Debug */ = {
			isa = XCBuildConfiguration;
			buildSettings = {
				ALWAYS_SEARCH_USER_PATHS = NO;
				CLANG_ANALYZER_NONNULL = YES;
				CLANG_CXX_LANGUAGE_STANDARD = "gnu++0x";
				CLANG_CXX_LIBRARY = "libc++";
				CLANG_ENABLE_MODULES = YES;
				CLANG_ENABLE_OBJC_ARC = YES;
				CLANG_WARN_BOOL_CONVERSION = YES;
				CLANG_WARN_CONSTANT_CONVERSION = YES;
				CLANG_WARN_DIRECT_OBJC_ISA_USAGE = YES_ERROR;
				CLANG_WARN_EMPTY_BODY = YES;
				CLANG_WARN_ENUM_CONVERSION = YES;
				CLANG_WARN_INFINITE_RECURSION = YES;
				CLANG_WARN_INT_CONVERSION = YES;
				CLANG_WARN_OBJC_ROOT_CLASS = YES_ERROR;
				CLANG_WARN_SUSPICIOUS_MOVE = YES;
				CLANG_WARN_UNREACHABLE_CODE = YES;
				CLANG_WARN__DUPLICATE_METHOD_MATCH = YES;
				CODE_SIGN_IDENTITY = "-";
				COPY_PHASE_STRIP = NO;
				DEBUG_INFORMATION_FORMAT = dwarf;
				ENABLE_STRICT_OBJC_MSGSEND = YES;
				ENABLE_TESTABILITY = YES;
				GCC_C_LANGUAGE_STANDARD = gnu99;
				GCC_DYNAMIC_NO_PIC = NO;
				GCC_NO_COMMON_BLOCKS = YES;
				GCC_OPTIMIZATION_LEVEL = 0;
				GCC_PREPROCESSOR_DEFINITIONS = (
					"DEBUG=1",
					"$(inherited)",
				);
				GCC_WARN_64_TO_32_BIT_CONVERSION = YES;
				GCC_WARN_ABOUT_RETURN_TYPE = YES_ERROR;
				GCC_WARN_UNDECLARED_SELECTOR = YES;
				GCC_WARN_UNINITIALIZED_AUTOS = YES_AGGRESSIVE;
				GCC_WARN_UNUSED_FUNCTION = YES;
				GCC_WARN_UNUSED_VARIABLE = YES;
				MACOSX_DEPLOYMENT_TARGET = 10.8;
				MTL_ENABLE_DEBUG_INFO = YES;
				ONLY_ACTIVE_ARCH = YES;
				SDKROOT = macosx;
				SWIFT_OPTIMIZATION_LEVEL = "-Onone";
			};
			name = Debug;
		};
		21B32AA11CB0417300A4AB76 /* Release */ = {
			isa = XCBuildConfiguration;
			buildSettings = {
				ALWAYS_SEARCH_USER_PATHS = NO;
				CLANG_ANALYZER_NONNULL = YES;
				CLANG_CXX_LANGUAGE_STANDARD = "gnu++0x";
				CLANG_CXX_LIBRARY = "libc++";
				CLANG_ENABLE_MODULES = YES;
				CLANG_ENABLE_OBJC_ARC = YES;
				CLANG_WARN_BOOL_CONVERSION = YES;
				CLANG_WARN_CONSTANT_CONVERSION = YES;
				CLANG_WARN_DIRECT_OBJC_ISA_USAGE = YES_ERROR;
				CLANG_WARN_EMPTY_BODY = YES;
				CLANG_WARN_ENUM_CONVERSION = YES;
				CLANG_WARN_INFINITE_RECURSION = YES;
				CLANG_WARN_INT_CONVERSION = YES;
				CLANG_WARN_OBJC_ROOT_CLASS = YES_ERROR;
				CLANG_WARN_SUSPICIOUS_MOVE = YES;
				CLANG_WARN_UNREACHABLE_CODE = YES;
				CLANG_WARN__DUPLICATE_METHOD_MATCH = YES;
				CODE_SIGN_IDENTITY = "-";
				COPY_PHASE_STRIP = NO;
				DEBUG_INFORMATION_FORMAT = "dwarf-with-dsym";
				ENABLE_NS_ASSERTIONS = NO;
				ENABLE_STRICT_OBJC_MSGSEND = YES;
				GCC_C_LANGUAGE_STANDARD = gnu99;
				GCC_NO_COMMON_BLOCKS = YES;
				GCC_WARN_64_TO_32_BIT_CONVERSION = YES;
				GCC_WARN_ABOUT_RETURN_TYPE = YES_ERROR;
				GCC_WARN_UNDECLARED_SELECTOR = YES;
				GCC_WARN_UNINITIALIZED_AUTOS = YES_AGGRESSIVE;
				GCC_WARN_UNUSED_FUNCTION = YES;
				GCC_WARN_UNUSED_VARIABLE = YES;
				MACOSX_DEPLOYMENT_TARGET = 10.8;
				MTL_ENABLE_DEBUG_INFO = NO;
				SDKROOT = macosx;
				SWIFT_OPTIMIZATION_LEVEL = "-Owholemodule";
			};
			name = Release;
		};
		21B32AA31CB0417300A4AB76 /* Debug */ = {
			isa = XCBuildConfiguration;
			buildSettings = {
				ASSETCATALOG_COMPILER_APPICON_NAME = AppIcon;
				CODE_SIGN_IDENTITY = "Developer ID Application";
				"CODE_SIGN_IDENTITY[sdk=macosx*]" = "Mac Developer";
				COMBINE_HIDPI_IMAGES = YES;
				DEVELOPMENT_TEAM = Z68VMB9UCC;
				INFOPLIST_FILE = CasualStone/Info.plist;
				LD_RUNPATH_SEARCH_PATHS = "$(inherited) @executable_path/../Frameworks";
				MACOSX_DEPLOYMENT_TARGET = 10.9;
				ONLY_ACTIVE_ARCH = YES;
				PRODUCT_BUNDLE_IDENTIFIER = com.Konagaya.CasualStone;
				PRODUCT_NAME = CasualStone;
				PROVISIONING_PROFILE = "";
				PROVISIONING_PROFILE_SPECIFIER = "";
				SDKROOT = macosx;
				SWIFT_VERSION = 3.0;
			};
			name = Debug;
		};
		21B32AA41CB0417300A4AB76 /* Release */ = {
			isa = XCBuildConfiguration;
			buildSettings = {
				ASSETCATALOG_COMPILER_APPICON_NAME = AppIcon;
				CODE_SIGN_IDENTITY = "Developer ID Application";
				"CODE_SIGN_IDENTITY[sdk=macosx*]" = "Mac Developer";
				COMBINE_HIDPI_IMAGES = YES;
				DEVELOPMENT_TEAM = Z68VMB9UCC;
				INFOPLIST_FILE = CasualStone/Info.plist;
				LD_RUNPATH_SEARCH_PATHS = "$(inherited) @executable_path/../Frameworks";
				MACOSX_DEPLOYMENT_TARGET = 10.9;
				ONLY_ACTIVE_ARCH = YES;
				PRODUCT_BUNDLE_IDENTIFIER = com.Konagaya.CasualStone;
				PRODUCT_NAME = CasualStone;
				PROVISIONING_PROFILE = "";
				PROVISIONING_PROFILE_SPECIFIER = "";
				SDKROOT = macosx;
				SWIFT_VERSION = 3.0;
			};
			name = Release;
		};
/* End XCBuildConfiguration section */

/* Begin XCConfigurationList section */
		21B32A901CB0417300A4AB76 /* Build configuration list for PBXProject "CasualStone" */ = {
			isa = XCConfigurationList;
			buildConfigurations = (
				21B32AA01CB0417300A4AB76 /* Debug */,
				21B32AA11CB0417300A4AB76 /* Release */,
			);
			defaultConfigurationIsVisible = 0;
			defaultConfigurationName = Release;
		};
		21B32AA21CB0417300A4AB76 /* Build configuration list for PBXNativeTarget "CasualStone" */ = {
			isa = XCConfigurationList;
			buildConfigurations = (
				21B32AA31CB0417300A4AB76 /* Debug */,
				21B32AA41CB0417300A4AB76 /* Release */,
			);
			defaultConfigurationIsVisible = 0;
			defaultConfigurationName = Release;
		};
/* End XCConfigurationList section */
	};
	rootObject = 21B32A8D1CB0417300A4AB76 /* Project object */;
}
